
Microsoft Visual Studio Solution File, Format Version 12.00
# Visual Studio Version 17
VisualStudioVersion = 17.2.32630.192
MinimumVisualStudioVersion = 10.0.40219.1
Project("{FAE04EC0-301F-11D3-BF4B-00C04F79EFBC}") = "Xadrez", "Xadrez\Xadrez.csproj", "{BF45E130-07F2-412A-A30D-0667E08B050B}"
EndProject
Global
	GlobalSection(SolutionConfigurationPlatforms) = preSolution
		Debug|Any CPU = Debug|Any CPU
		Release|Any CPU = Release|Any CPU
	EndGlobalSection
	GlobalSection(ProjectConfigurationPlatforms) = postSolution
		{BF45E130-07F2-412A-A30D-0667E08B050B}.Debug|Any CPU.ActiveCfg = Debug|Any CPU
		{BF45E130-07F2-412A-A30D-0667E08B050B}.Debug|Any CPU.Build.0 = Debug|Any CPU
		{BF45E130-07F2-412A-A30D-0667E08B050B}.Release|Any CPU.ActiveCfg = Release|Any CPU
		{BF45E130-07F2-412A-A30D-0667E08B050B}.Release|Any CPU.Build.0 = Release|Any CPU
	EndGlobalSection
	GlobalSection(SolutionProperties) = preSolution
		HideSolutionNode = FALSE
	EndGlobalSection
	GlobalSection(ExtensibilityGlobals) = postSolution
		SolutionGuid = {E5F24D35-73E5-484C-88E1-22D6D74B6E02}
	EndGlobalSection
EndGlobal
